
Microsoft Visual Studio Solution File, Format Version 12.00
# Visual Studio Version 17
VisualStudioVersion = 17.0.32112.339
MinimumVisualStudioVersion = 10.0.40219.1
Project("{FAE04EC0-301F-11D3-BF4B-00C04F79EFBC}") = "MuckMod", "MuckMod\MuckMod.csproj", "{3F7666DC-0D1F-4061-B30B-9EABBBE48396}"
EndProject
Global
	GlobalSection(SolutionConfigurationPlatforms) = preSolution
		Debug|Any CPU = Debug|Any CPU
		Release|Any CPU = Release|Any CPU
	EndGlobalSection
	GlobalSection(ProjectConfigurationPlatforms) = postSolution
		{3F7666DC-0D1F-4061-B30B-9EABBBE48396}.Debug|Any CPU.ActiveCfg = Debug|Any CPU
		{3F7666DC-0D1F-4061-B30B-9EABBBE48396}.Debug|Any CPU.Build.0 = Debug|Any CPU
		{3F7666DC-0D1F-4061-B30B-9EABBBE48396}.Release|Any CPU.ActiveCfg = Release|Any CPU
		{3F7666DC-0D1F-4061-B30B-9EABBBE48396}.Release|Any CPU.Build.0 = Release|Any CPU
	EndGlobalSection
	GlobalSection(SolutionProperties) = preSolution
		HideSolutionNode = FALSE
	EndGlobalSection
	GlobalSection(ExtensibilityGlobals) = postSolution
		SolutionGuid = {FED7C232-35FC-47B8-8D4C-85C547427554}
	EndGlobalSection
EndGlobal
